
Microsoft Visual Studio Solution File, Format Version 12.00
# Visual Studio 15
VisualStudioVersion = 15.0.28010.2041
MinimumVisualStudioVersion = 10.0.40219.1
Project("{FAE04EC0-301F-11D3-BF4B-00C04F79EFBC}") = "Overloading_Drill1", "Overloading_Drill1\Overloading_Drill1.csproj", "{47B5C0AF-365D-4672-A2CB-48762CA0D860}"
EndProject
Global
	GlobalSection(SolutionConfigurationPlatforms) = preSolution
		Debug|Any CPU = Debug|Any CPU
		Release|Any CPU = Release|Any CPU
	EndGlobalSection
	GlobalSection(ProjectConfigurationPlatforms) = postSolution
		{47B5C0AF-365D-4672-A2CB-48762CA0D860}.Debug|Any CPU.ActiveCfg = Debug|Any CPU
		{47B5C0AF-365D-4672-A2CB-48762CA0D860}.Debug|Any CPU.Build.0 = Debug|Any CPU
		{47B5C0AF-365D-4672-A2CB-48762CA0D860}.Release|Any CPU.ActiveCfg = Release|Any CPU
		{47B5C0AF-365D-4672-A2CB-48762CA0D860}.Release|Any CPU.Build.0 = Release|Any CPU
	EndGlobalSection
	GlobalSection(SolutionProperties) = preSolution
		HideSolutionNode = FALSE
	EndGlobalSection
	GlobalSection(ExtensibilityGlobals) = postSolution
		SolutionGuid = {7B833092-775F-45C8-85C6-6272251D9091}
	EndGlobalSection
EndGlobal
